
Microsoft Visual Studio Solution File, Format Version 12.00
# Visual Studio 15
Project("{FAE04EC0-301F-11D3-BF4B-00C04F79EFBC}") = "Unity.Timeline", "Unity.Timeline.csproj", "{5218F19C-BA3D-0BCD-380B-8EE6E492DEF3}"
EndProject
Project("{FAE04EC0-301F-11D3-BF4B-00C04F79EFBC}") = "Unity.RenderPipelines.GPUDriven.Runtime", "Unity.RenderPipelines.GPUDriven.Runtime.csproj", "{EE1056FD-430A-ECDC-1573-4330AF93C593}"
EndProject
Project("{FAE04EC0-301F-11D3-BF4B-00C04F79EFBC}") = "Unity.PlasticSCM.Editor", "Unity.PlasticSCM.Editor.csproj", "{E59C51F2-2420-23CB-4DD3-2ABD4143677C}"
EndProject
Project("{FAE04EC0-301F-11D3-BF4B-00C04F79EFBC}") = "Unity.2D.Aseprite.Editor", "Unity.2D.Aseprite.Editor.csproj", "{2D6DD28B-A9BD-3D32-9DE0-07C588684092}"
EndProject
Project("{FAE04EC0-301F-11D3-BF4B-00C04F79EFBC}") = "Unity.ShaderGraph.Editor", "Unity.ShaderGraph.Editor.csproj", "{5E3E4A58-18D4-B941-71D1-3859E0C6255D}"
EndProject
Project("{FAE04EC0-301F-11D3-BF4B-00C04F79EFBC}") = "Unity.RenderPipelines.Core.Runtime", "Unity.RenderPipelines.Core.Runtime.csproj", "{C6DE3410-6429-C4D9-E0A5-82B2AAB520E8}"
EndProject
Project("{FAE04EC0-301F-11D3-BF4B-00C04F79EFBC}") = "Unity.Mathematics", "Unity.Mathematics.csproj", "{F51C3667-487A-65E8-80FC-ECF48FD22337}"
EndProject
Project("{FAE04EC0-301F-11D3-BF4B-00C04F79EFBC}") = "Unity.Timeline.Editor", "Unity.Timeline.Editor.csproj", "{F2F3A828-4063-9AB3-D069-5C284D4A4399}"
EndProject
Project("{FAE04EC0-301F-11D3-BF4B-00C04F79EFBC}") = "Unity.Multiplayer.Center.Editor", "Unity.Multiplayer.Center.Editor.csproj", "{DEC64065-0F78-2C46-97CE-5D7CDD1ACF2F}"
EndProject
Project("{FAE04EC0-301F-11D3-BF4B-00C04F79EFBC}") = "Unity.RenderPipelines.Core.Editor", "Unity.RenderPipelines.Core.Editor.csproj", "{572DE976-1E6A-2C43-EFF6-5DCEF27F3031}"
EndProject
Project("{FAE04EC0-301F-11D3-BF4B-00C04F79EFBC}") = "Unity.2D.Psdimporter.Editor", "Unity.2D.Psdimporter.Editor.csproj", "{8D271C7C-D3FD-D3B7-1929-00CBDB233059}"
EndProject
Project("{FAE04EC0-301F-11D3-BF4B-00C04F79EFBC}") = "Unity.Collections", "Unity.Collections.csproj", "{FF21F7E6-829D-7238-6E4E-274E4E2D81C5}"
EndProject
Project("{FAE04EC0-301F-11D3-BF4B-00C04F79EFBC}") = "UnityEngine.UI", "UnityEngine.UI.csproj", "{75D191B5-3329-9F5E-945B-61C9EE3783EA}"
EndProject
Project("{FAE04EC0-301F-11D3-BF4B-00C04F79EFBC}") = "Unity.2D.IK.Runtime", "Unity.2D.IK.Runtime.csproj", "{9F18A4A0-1D07-729C-4E24-C7C2896DA23F}"
EndProject
Project("{FAE04EC0-301F-11D3-BF4B-00C04F79EFBC}") = "Unity.RenderPipelines.Universal.2D.Runtime", "Unity.RenderPipelines.Universal.2D.Runtime.csproj", "{4FE0A4CD-4F96-57CB-09C1-C6D5E8D06716}"
EndProject
Project("{FAE04EC0-301F-11D3-BF4B-00C04F79EFBC}") = "Unity.VisualScripting.Core.Editor", "Unity.VisualScripting.Core.Editor.csproj", "{E4BF0157-6F94-24F8-B870-13CA1049143D}"
EndProject
Project("{FAE04EC0-301F-11D3-BF4B-00C04F79EFBC}") = "Unity.RenderPipelines.Universal.Editor", "Unity.RenderPipelines.Universal.Editor.csproj", "{9110F587-569A-F557-481B-69F708BFE169}"
EndProject
Project("{FAE04EC0-301F-11D3-BF4B-00C04F79EFBC}") = "Unity.PerformanceTesting.Editor", "Unity.PerformanceTesting.Editor.csproj", "{552CED34-79AD-D013-CE4E-CF8C3CC8C330}"
EndProject
Project("{FAE04EC0-301F-11D3-BF4B-00C04F79EFBC}") = "UnityEngine.TestRunner", "UnityEngine.TestRunner.csproj", "{A997F1D2-29B6-69B1-8C3E-8403404D62B7}"
EndProject
Project("{FAE04EC0-301F-11D3-BF4B-00C04F79EFBC}") = "Unity.2D.Tilemap.Editor", "Unity.2D.Tilemap.Editor.csproj", "{BC77E956-00E0-ECE4-1F52-DD3377C00814}"
EndProject
Project("{FAE04EC0-301F-11D3-BF4B-00C04F79EFBC}") = "Unity.Burst", "Unity.Burst.csproj", "{FD4EBF77-A25A-8B6B-4852-32E976FF1089}"
EndProject
Project("{FAE04EC0-301F-11D3-BF4B-00C04F79EFBC}") = "Unity.VisualScripting.Flow.Editor", "Unity.VisualScripting.Flow.Editor.csproj", "{87E5E115-AE6F-EE55-FF68-5C109BDB31DF}"
EndProject
Project("{FAE04EC0-301F-11D3-BF4B-00C04F79EFBC}") = "Unity.2D.SpriteShape.Editor", "Unity.2D.SpriteShape.Editor.csproj", "{D34A7779-F4C0-F7C4-6668-58C76B125202}"
EndProject
Project("{FAE04EC0-301F-11D3-BF4B-00C04F79EFBC}") = "Unity.VisualStudio.Editor", "Unity.VisualStudio.Editor.csproj", "{CF9E975A-5382-B54C-8F59-CBF0C4567711}"
EndProject
Project("{FAE04EC0-301F-11D3-BF4B-00C04F79EFBC}") = "Unity.InputSystem", "Unity.InputSystem.csproj", "{11C5AC26-30B4-56EB-A312-0639A64CB113}"
EndProject
Project("{FAE04EC0-301F-11D3-BF4B-00C04F79EFBC}") = "PPv2URPConverters", "PPv2URPConverters.csproj", "{DD56B309-DBCB-DAE5-6F97-2DD5B0CE5E4A}"
EndProject
Project("{FAE04EC0-301F-11D3-BF4B-00C04F79EFBC}") = "Unity.2D.Animation.Editor", "Unity.2D.Animation.Editor.csproj", "{382E0EA2-6DC8-F15E-2658-303D3B13A3D7}"
EndProject
Project("{FAE04EC0-301F-11D3-BF4B-00C04F79EFBC}") = "Unity.Searcher.Editor", "Unity.Searcher.Editor.csproj", "{B186400E-D8F1-90E1-199C-7C1CF41F951D}"
EndProject
Project("{FAE04EC0-301F-11D3-BF4B-00C04F79EFBC}") = "Unity.2D.SpriteShape.Runtime", "Unity.2D.SpriteShape.Runtime.csproj", "{7CD04BE7-BE9B-E843-D8B5-DE2AF46E593C}"
EndProject
Project("{FAE04EC0-301F-11D3-BF4B-00C04F79EFBC}") = "UnityEditor.TestRunner", "UnityEditor.TestRunner.csproj", "{31A8A28A-C955-55CA-F23B-B7CD439FBE8B}"
EndProject
Project("{FAE04EC0-301F-11D3-BF4B-00C04F79EFBC}") = "Unity.VisualScripting.Core", "Unity.VisualScripting.Core.csproj", "{41A2F9ED-19CE-0E67-9657-69840DB6238D}"
EndProject
Project("{FAE04EC0-301F-11D3-BF4B-00C04F79EFBC}") = "Unity.RenderPipelines.Universal.Runtime", "Unity.RenderPipelines.Universal.Runtime.csproj", "{14BACD52-5C59-0100-7BDE-791A3D5B9C96}"
EndProject
Project("{FAE04EC0-301F-11D3-BF4B-00C04F79EFBC}") = "Unity.CollabProxy.Editor", "Unity.CollabProxy.Editor.csproj", "{073AF664-1E42-C5B3-29C3-7F5F48B12350}"
EndProject
Project("{FAE04EC0-301F-11D3-BF4B-00C04F79EFBC}") = "Unity.VisualScripting.State.Editor", "Unity.VisualScripting.State.Editor.csproj", "{016DC1A9-0A2E-B482-2552-CAEA3615F7AA}"
EndProject
Project("{FAE04EC0-301F-11D3-BF4B-00C04F79EFBC}") = "Unity.Burst.CodeGen", "Unity.Burst.CodeGen.csproj", "{D8F22DFA-670E-F3C8-ED25-33ECEA1FDCC7}"
EndProject
Project("{FAE04EC0-301F-11D3-BF4B-00C04F79EFBC}") = "Unity.VisualScripting.Flow", "Unity.VisualScripting.Flow.csproj", "{9FAA16C8-5FDD-1BA2-4E80-033F0720769F}"
EndProject
Project("{FAE04EC0-301F-11D3-BF4B-00C04F79EFBC}") = "Unity.PerformanceTesting", "Unity.PerformanceTesting.csproj", "{071979B7-D8B6-675F-DD1D-C21E06B8BEA3}"
EndProject
Project("{FAE04EC0-301F-11D3-BF4B-00C04F79EFBC}") = "Unity.2D.Tilemap.Extras.Editor", "Unity.2D.Tilemap.Extras.Editor.csproj", "{D36BD74E-FE15-4226-E054-AFB4500F6308}"
EndProject
Project("{FAE04EC0-301F-11D3-BF4B-00C04F79EFBC}") = "Unity.TextMeshPro", "Unity.TextMeshPro.csproj", "{89F0D9B3-361C-5BFC-F330-C9F7C4DC50A0}"
EndProject
Project("{FAE04EC0-301F-11D3-BF4B-00C04F79EFBC}") = "Unity.TextMeshPro.Editor", "Unity.TextMeshPro.Editor.csproj", "{30A0FA5B-CDD1-8502-7557-C10569CDE19A}"
EndProject
Project("{FAE04EC0-301F-11D3-BF4B-00C04F79EFBC}") = "Unity.Rendering.LightTransport.Runtime", "Unity.Rendering.LightTransport.Runtime.csproj", "{91E663E5-74C5-C835-BCFF-2FC36D52329A}"
EndProject
Project("{FAE04EC0-301F-11D3-BF4B-00C04F79EFBC}") = "PsdPlugin", "PsdPlugin.csproj", "{AF00B1F1-7FE5-5B56-30F6-B324B4CC9AAD}"
EndProject
Project("{FAE04EC0-301F-11D3-BF4B-00C04F79EFBC}") = "Unity.2D.IK.Editor", "Unity.2D.IK.Editor.csproj", "{C903C9A6-200D-CB84-EEE6-CDA98BFB162B}"
EndProject
Project("{FAE04EC0-301F-11D3-BF4B-00C04F79EFBC}") = "Unity.InternalAPIEngineBridge.001", "Unity.InternalAPIEngineBridge.001.csproj", "{DCCC961D-F910-8DC7-CC85-647376489E44}"
EndProject
Project("{FAE04EC0-301F-11D3-BF4B-00C04F79EFBC}") = "Unity.2D.Aseprite.Common", "Unity.2D.Aseprite.Common.csproj", "{6AB23D62-B6A0-9EFE-43B8-B2E6EB7183A3}"
EndProject
Project("{FAE04EC0-301F-11D3-BF4B-00C04F79EFBC}") = "Unity.Burst.Editor", "Unity.Burst.Editor.csproj", "{A8D63790-CEC4-D87A-8F2B-27C074027291}"
EndProject
Project("{FAE04EC0-301F-11D3-BF4B-00C04F79EFBC}") = "Unity.2D.Common.Path.Editor", "Unity.2D.Common.Path.Editor.csproj", "{579DC476-4631-173D-3524-46017B2D5431}"
EndProject
Project("{FAE04EC0-301F-11D3-BF4B-00C04F79EFBC}") = "Unity.2D.Common.Editor", "Unity.2D.Common.Editor.csproj", "{F07B0390-268F-53C3-5DE8-173C08B27118}"
EndProject
Project("{FAE04EC0-301F-11D3-BF4B-00C04F79EFBC}") = "Unity.Rider.Editor", "Unity.Rider.Editor.csproj", "{63C88D27-7E0B-A5B2-ED6D-505FEF3D3346}"
EndProject
Project("{FAE04EC0-301F-11D3-BF4B-00C04F79EFBC}") = "Unity.VisualScripting.State", "Unity.VisualScripting.State.csproj", "{6834C079-A24D-FBBF-4EBF-CB202EF6D353}"
EndProject
Project("{FAE04EC0-301F-11D3-BF4B-00C04F79EFBC}") = "Unity.InternalAPIEditorBridge.001", "Unity.InternalAPIEditorBridge.001.csproj", "{1F4E0767-83F9-86CC-4D4B-51E70EA1ADEE}"
EndProject
Project("{FAE04EC0-301F-11D3-BF4B-00C04F79EFBC}") = "UnityEditor.UI", "UnityEditor.UI.csproj", "{8C046274-5271-1154-4FE0-18BD6248A8CD}"
EndProject
Project("{FAE04EC0-301F-11D3-BF4B-00C04F79EFBC}") = "Unity.2D.PixelPerfect.Editor", "Unity.2D.PixelPerfect.Editor.csproj", "{C32E8E7E-F630-2110-262F-11A4D349242C}"
EndProject
Project("{FAE04EC0-301F-11D3-BF4B-00C04F79EFBC}") = "Unity.2D.Sprite.Editor", "Unity.2D.Sprite.Editor.csproj", "{B4DDAD98-EA7E-CDD9-35FC-F0D546A58B43}"
EndProject
Project("{FAE04EC0-301F-11D3-BF4B-00C04F79EFBC}") = "Unity.Multiplayer.Center.Common", "Unity.Multiplayer.Center.Common.csproj", "{C4AFE513-DDA5-E01E-71FC-0E5CED6911D2}"
EndProject
Project("{FAE04EC0-301F-11D3-BF4B-00C04F79EFBC}") = "Unity.InputSystem.ForUI", "Unity.InputSystem.ForUI.csproj", "{9DA6D0D3-D6D0-BBCA-91C5-3F1DD698ECF5}"
EndProject
Project("{FAE04EC0-301F-11D3-BF4B-00C04F79EFBC}") = "Unity.Collections.CodeGen", "Unity.Collections.CodeGen.csproj", "{E472065F-B359-AA8A-557E-0B496498F65C}"
EndProject
Project("{FAE04EC0-301F-11D3-BF4B-00C04F79EFBC}") = "Unity.2D.Tilemap.Extras", "Unity.2D.Tilemap.Extras.csproj", "{CA03F691-A8FA-80B3-AF24-57AB2CEE0CAC}"
EndProject
Project("{FAE04EC0-301F-11D3-BF4B-00C04F79EFBC}") = "Unity.2D.Animation.Runtime", "Unity.2D.Animation.Runtime.csproj", "{9F8D1C00-CF6C-F90C-844E-9FB97D56E5BC}"
EndProject
Project("{FAE04EC0-301F-11D3-BF4B-00C04F79EFBC}") = "Unity.Mathematics.Editor", "Unity.Mathematics.Editor.csproj", "{5A6A32E2-171C-EBBB-59A3-D87031A5B92D}"
EndProject
Project("{FAE04EC0-301F-11D3-BF4B-00C04F79EFBC}") = "Unity.VisualScripting.SettingsProvider.Editor", "Unity.VisualScripting.SettingsProvider.Editor.csproj", "{5A5BD050-EAC4-73D1-8C3B-64C7A1FAE9A9}"
EndProject
Project("{FAE04EC0-301F-11D3-BF4B-00C04F79EFBC}") = "Assembly-CSharp", "Assembly-CSharp.csproj", "{31EA003C-1CF9-D946-A919-8AC5ED6BE76A}"
EndProject
Project("{FAE04EC0-301F-11D3-BF4B-00C04F79EFBC}") = "Unity.InputSystem.TestFramework", "Unity.InputSystem.TestFramework.csproj", "{F851555A-F54A-ACA3-F89A-A3A188A7A2B6}"
EndProject
Project("{FAE04EC0-301F-11D3-BF4B-00C04F79EFBC}") = "Unity.ShaderGraph.Utilities", "Unity.ShaderGraph.Utilities.csproj", "{3A55C36E-9782-CDDB-411D-886E36D5B2F7}"
EndProject
Project("{FAE04EC0-301F-11D3-BF4B-00C04F79EFBC}") = "Unity.VisualScripting.Shared.Editor", "Unity.VisualScripting.Shared.Editor.csproj", "{8BF30740-3660-C79D-4FD7-7983FAD0B90B}"
EndProject
Project("{FAE04EC0-301F-11D3-BF4B-00C04F79EFBC}") = "Unity.RenderPipeline.Universal.ShaderLibrary", "Unity.RenderPipeline.Universal.ShaderLibrary.csproj", "{74DD8708-E022-E48F-4996-F95FDD0E23E2}"
EndProject
Project("{FAE04EC0-301F-11D3-BF4B-00C04F79EFBC}") = "Unity.2D.Common.Runtime", "Unity.2D.Common.Runtime.csproj", "{32EFF04A-288C-591C-B29C-3D518CAA4125}"
EndProject
Project("{FAE04EC0-301F-11D3-BF4B-00C04F79EFBC}") = "Unity.2D.PixelPerfect", "Unity.2D.PixelPerfect.csproj", "{8C911655-B9E4-B9B3-49A8-69E850358032}"
EndProject
Project("{FAE04EC0-301F-11D3-BF4B-00C04F79EFBC}") = "Unity.SysrootPackage.Editor", "Unity.SysrootPackage.Editor.csproj", "{96B545D4-0B81-E8DE-2E41-58B1E2980554}"
EndProject
Project("{FAE04EC0-301F-11D3-BF4B-00C04F79EFBC}") = "Unity.Rendering.LightTransport.Editor", "Unity.Rendering.LightTransport.Editor.csproj", "{8E2E088F-0203-6B3E-1706-7C1928BC5CE9}"
EndProject
Project("{FAE04EC0-301F-11D3-BF4B-00C04F79EFBC}") = "Unity.InputSystem.DocCodeSamples", "Unity.InputSystem.DocCodeSamples.csproj", "{136A99DA-AD59-89FB-6C3D-D90BD1823E78}"
EndProject
Project("{FAE04EC0-301F-11D3-BF4B-00C04F79EFBC}") = "Unity.RenderPipelines.Universal.Shaders", "Unity.RenderPipelines.Universal.Shaders.csproj", "{DA4C90C1-CDAB-39A8-4C9B-F874EE7B7794}"
EndProject
Project("{FAE04EC0-301F-11D3-BF4B-00C04F79EFBC}") = "Unity.RenderPipelines.Core.Runtime.Shared", "Unity.RenderPipelines.Core.Runtime.Shared.csproj", "{02228F70-CC74-E676-F576-6D2E55A0B70A}"
EndProject
Project("{FAE04EC0-301F-11D3-BF4B-00C04F79EFBC}") = "ScriptablePacker", "ScriptablePacker.csproj", "{08969EDA-5C34-F04C-AF73-6C5B6DD162B6}"
EndProject
Project("{FAE04EC0-301F-11D3-BF4B-00C04F79EFBC}") = "Unity.Toolchain.Linux-x86_64", "Unity.Toolchain.Linux-x86_64.csproj", "{DC4687EB-F22D-303B-6C77-05F1000399D0}"
EndProject
Project("{FAE04EC0-301F-11D3-BF4B-00C04F79EFBC}") = "Unity.Sysroot.Linux_x86_64", "Unity.Sysroot.Linux_x86_64.csproj", "{5FDE3645-D79F-FF6B-BDA2-848005E872F6}"
EndProject
Project("{FAE04EC0-301F-11D3-BF4B-00C04F79EFBC}") = "Unity.Collections.Editor", "Unity.Collections.Editor.csproj", "{B92839F5-2ED6-F743-EF34-1674E0D46C3B}"
EndProject
Project("{FAE04EC0-301F-11D3-BF4B-00C04F79EFBC}") = "Unity.RenderPipelines.Universal.Config.Runtime", "Unity.RenderPipelines.Universal.Config.Runtime.csproj", "{D9C00191-2DE2-9303-C1D0-55F79F3D111B}"
EndProject
Project("{FAE04EC0-301F-11D3-BF4B-00C04F79EFBC}") = "Unity.RenderPipelines.ShaderGraph.ShaderGraphLibrary", "Unity.RenderPipelines.ShaderGraph.ShaderGraphLibrary.csproj", "{E2D5FB67-968D-5F77-590C-9F47A832C12D}"
EndProject
Project("{FAE04EC0-301F-11D3-BF4B-00C04F79EFBC}") = "Unity.RenderPipelines.Core.ShaderLibrary", "Unity.RenderPipelines.Core.ShaderLibrary.csproj", "{ACC7251A-1D32-416F-1E74-32A186B95456}"
EndProject
Project("{FAE04EC0-301F-11D3-BF4B-00C04F79EFBC}") = "Unity.RenderPipelines.Core.Editor.Shared", "Unity.RenderPipelines.Core.Editor.Shared.csproj", "{0499AB4D-CE02-8A75-0924-990864CE5277}"
EndProject
Global
	GlobalSection(SolutionConfigurationPlatforms) = preSolution
		Debug|Any CPU = Debug|Any CPU
		Release|Any CPU = Release|Any CPU
	EndGlobalSection
	GlobalSection(ProjectConfigurationPlatforms) = postSolution
		{5218F19C-BA3D-0BCD-380B-8EE6E492DEF3}.Debug|Any CPU.ActiveCfg = Debug|Any CPU
		{5218F19C-BA3D-0BCD-380B-8EE6E492DEF3}.Debug|Any CPU.Build.0 = Debug|Any CPU
		{5218F19C-BA3D-0BCD-380B-8EE6E492DEF3}.Release|Any CPU.ActiveCfg = Release|Any CPU
		{5218F19C-BA3D-0BCD-380B-8EE6E492DEF3}.Release|Any CPU.Build.0 = Release|Any CPU
		{EE1056FD-430A-ECDC-1573-4330AF93C593}.Debug|Any CPU.ActiveCfg = Debug|Any CPU
		{EE1056FD-430A-ECDC-1573-4330AF93C593}.Debug|Any CPU.Build.0 = Debug|Any CPU
		{EE1056FD-430A-ECDC-1573-4330AF93C593}.Release|Any CPU.ActiveCfg = Release|Any CPU
		{EE1056FD-430A-ECDC-1573-4330AF93C593}.Release|Any CPU.Build.0 = Release|Any CPU
		{E59C51F2-2420-23CB-4DD3-2ABD4143677C}.Debug|Any CPU.ActiveCfg = Debug|Any CPU
		{E59C51F2-2420-23CB-4DD3-2ABD4143677C}.Debug|Any CPU.Build.0 = Debug|Any CPU
		{E59C51F2-2420-23CB-4DD3-2ABD4143677C}.Release|Any CPU.ActiveCfg = Release|Any CPU
		{E59C51F2-2420-23CB-4DD3-2ABD4143677C}.Release|Any CPU.Build.0 = Release|Any CPU
		{2D6DD28B-A9BD-3D32-9DE0-07C588684092}.Debug|Any CPU.ActiveCfg = Debug|Any CPU
		{2D6DD28B-A9BD-3D32-9DE0-07C588684092}.Debug|Any CPU.Build.0 = Debug|Any CPU
		{2D6DD28B-A9BD-3D32-9DE0-07C588684092}.Release|Any CPU.ActiveCfg = Release|Any CPU
		{2D6DD28B-A9BD-3D32-9DE0-07C588684092}.Release|Any CPU.Build.0 = Release|Any CPU
		{5E3E4A58-18D4-B941-71D1-3859E0C6255D}.Debug|Any CPU.ActiveCfg = Debug|Any CPU
		{5E3E4A58-18D4-B941-71D1-3859E0C6255D}.Debug|Any CPU.Build.0 = Debug|Any CPU
		{5E3E4A58-18D4-B941-71D1-3859E0C6255D}.Release|Any CPU.ActiveCfg = Release|Any CPU
		{5E3E4A58-18D4-B941-71D1-3859E0C6255D}.Release|Any CPU.Build.0 = Release|Any CPU
		{C6DE3410-6429-C4D9-E0A5-82B2AAB520E8}.Debug|Any CPU.ActiveCfg = Debug|Any CPU
		{C6DE3410-6429-C4D9-E0A5-82B2AAB520E8}.Debug|Any CPU.Build.0 = Debug|Any CPU
		{C6DE3410-6429-C4D9-E0A5-82B2AAB520E8}.Release|Any CPU.ActiveCfg = Release|Any CPU
		{C6DE3410-6429-C4D9-E0A5-82B2AAB520E8}.Release|Any CPU.Build.0 = Release|Any CPU
		{F51C3667-487A-65E8-80FC-ECF48FD22337}.Debug|Any CPU.ActiveCfg = Debug|Any CPU
		{F51C3667-487A-65E8-80FC-ECF48FD22337}.Debug|Any CPU.Build.0 = Debug|Any CPU
		{F51C3667-487A-65E8-80FC-ECF48FD22337}.Release|Any CPU.ActiveCfg = Release|Any CPU
		{F51C3667-487A-65E8-80FC-ECF48FD22337}.Release|Any CPU.Build.0 = Release|Any CPU
		{F2F3A828-4063-9AB3-D069-5C284D4A4399}.Debug|Any CPU.ActiveCfg = Debug|Any CPU
		{F2F3A828-4063-9AB3-D069-5C284D4A4399}.Debug|Any CPU.Build.0 = Debug|Any CPU
		{F2F3A828-4063-9AB3-D069-5C284D4A4399}.Release|Any CPU.ActiveCfg = Release|Any CPU
		{F2F3A828-4063-9AB3-D069-5C284D4A4399}.Release|Any CPU.Build.0 = Release|Any CPU
		{DEC64065-0F78-2C46-97CE-5D7CDD1ACF2F}.Debug|Any CPU.ActiveCfg = Debug|Any CPU
		{DEC64065-0F78-2C46-97CE-5D7CDD1ACF2F}.Debug|Any CPU.Build.0 = Debug|Any CPU
		{DEC64065-0F78-2C46-97CE-5D7CDD1ACF2F}.Release|Any CPU.ActiveCfg = Release|Any CPU
		{DEC64065-0F78-2C46-97CE-5D7CDD1ACF2F}.Release|Any CPU.Build.0 = Release|Any CPU
		{572DE976-1E6A-2C43-EFF6-5DCEF27F3031}.Debug|Any CPU.ActiveCfg = Debug|Any CPU
		{572DE976-1E6A-2C43-EFF6-5DCEF27F3031}.Debug|Any CPU.Build.0 = Debug|Any CPU
		{572DE976-1E6A-2C43-EFF6-5DCEF27F3031}.Release|Any CPU.ActiveCfg = Release|Any CPU
		{572DE976-1E6A-2C43-EFF6-5DCEF27F3031}.Release|Any CPU.Build.0 = Release|Any CPU
		{8D271C7C-D3FD-D3B7-1929-00CBDB233059}.Debug|Any CPU.ActiveCfg = Debug|Any CPU
		{8D271C7C-D3FD-D3B7-1929-00CBDB233059}.Debug|Any CPU.Build.0 = Debug|Any CPU
		{8D271C7C-D3FD-D3B7-1929-00CBDB233059}.Release|Any CPU.ActiveCfg = Release|Any CPU
		{8D271C7C-D3FD-D3B7-1929-00CBDB233059}.Release|Any CPU.Build.0 = Release|Any CPU
		{FF21F7E6-829D-7238-6E4E-274E4E2D81C5}.Debug|Any CPU.ActiveCfg = Debug|Any CPU
		{FF21F7E6-829D-7238-6E4E-274E4E2D81C5}.Debug|Any CPU.Build.0 = Debug|Any CPU
		{FF21F7E6-829D-7238-6E4E-274E4E2D81C5}.Release|Any CPU.ActiveCfg = Release|Any CPU
		{FF21F7E6-829D-7238-6E4E-274E4E2D81C5}.Release|Any CPU.Build.0 = Release|Any CPU
		{75D191B5-3329-9F5E-945B-61C9EE3783EA}.Debug|Any CPU.ActiveCfg = Debug|Any CPU
		{75D191B5-3329-9F5E-945B-61C9EE3783EA}.Debug|Any CPU.Build.0 = Debug|Any CPU
		{75D191B5-3329-9F5E-945B-61C9EE3783EA}.Release|Any CPU.ActiveCfg = Release|Any CPU
		{75D191B5-3329-9F5E-945B-61C9EE3783EA}.Release|Any CPU.Build.0 = Release|Any CPU
		{9F18A4A0-1D07-729C-4E24-C7C2896DA23F}.Debug|Any CPU.ActiveCfg = Debug|Any CPU
		{9F18A4A0-1D07-729C-4E24-C7C2896DA23F}.Debug|Any CPU.Build.0 = Debug|Any CPU
		{9F18A4A0-1D07-729C-4E24-C7C2896DA23F}.Release|Any CPU.ActiveCfg = Release|Any CPU
		{9F18A4A0-1D07-729C-4E24-C7C2896DA23F}.Release|Any CPU.Build.0 = Release|Any CPU
		{4FE0A4CD-4F96-57CB-09C1-C6D5E8D06716}.Debug|Any CPU.ActiveCfg = Debug|Any CPU
		{4FE0A4CD-4F96-57CB-09C1-C6D5E8D06716}.Debug|Any CPU.Build.0 = Debug|Any CPU
		{4FE0A4CD-4F96-57CB-09C1-C6D5E8D06716}.Release|Any CPU.ActiveCfg = Release|Any CPU
		{4FE0A4CD-4F96-57CB-09C1-C6D5E8D06716}.Release|Any CPU.Build.0 = Release|Any CPU
		{E4BF0157-6F94-24F8-B870-13CA1049143D}.Debug|Any CPU.ActiveCfg = Debug|Any CPU
		{E4BF0157-6F94-24F8-B870-13CA1049143D}.Debug|Any CPU.Build.0 = Debug|Any CPU
		{E4BF0157-6F94-24F8-B870-13CA1049143D}.Release|Any CPU.ActiveCfg = Release|Any CPU
		{E4BF0157-6F94-24F8-B870-13CA1049143D}.Release|Any CPU.Build.0 = Release|Any CPU
		{9110F587-569A-F557-481B-69F708BFE169}.Debug|Any CPU.ActiveCfg = Debug|Any CPU
		{9110F587-569A-F557-481B-69F708BFE169}.Debug|Any CPU.Build.0 = Debug|Any CPU
		{9110F587-569A-F557-481B-69F708BFE169}.Release|Any CPU.ActiveCfg = Release|Any CPU
		{9110F587-569A-F557-481B-69F708BFE169}.Release|Any CPU.Build.0 = Release|Any CPU
		{552CED34-79AD-D013-CE4E-CF8C3CC8C330}.Debug|Any CPU.ActiveCfg = Debug|Any CPU
		{552CED34-79AD-D013-CE4E-CF8C3CC8C330}.Debug|Any CPU.Build.0 = Debug|Any CPU
		{552CED34-79AD-D013-CE4E-CF8C3CC8C330}.Release|Any CPU.ActiveCfg = Release|Any CPU
		{552CED34-79AD-D013-CE4E-CF8C3CC8C330}.Release|Any CPU.Build.0 = Release|Any CPU
		{A997F1D2-29B6-69B1-8C3E-8403404D62B7}.Debug|Any CPU.ActiveCfg = Debug|Any CPU
		{A997F1D2-29B6-69B1-8C3E-8403404D62B7}.Debug|Any CPU.Build.0 = Debug|Any CPU
		{A997F1D2-29B6-69B1-8C3E-8403404D62B7}.Release|Any CPU.ActiveCfg = Release|Any CPU
		{A997F1D2-29B6-69B1-8C3E-8403404D62B7}.Release|Any CPU.Build.0 = Release|Any CPU
		{BC77E956-00E0-ECE4-1F52-DD3377C00814}.Debug|Any CPU.ActiveCfg = Debug|Any CPU
		{BC77E956-00E0-ECE4-1F52-DD3377C00814}.Debug|Any CPU.Build.0 = Debug|Any CPU
		{BC77E956-00E0-ECE4-1F52-DD3377C00814}.Release|Any CPU.ActiveCfg = Release|Any CPU
		{BC77E956-00E0-ECE4-1F52-DD3377C00814}.Release|Any CPU.Build.0 = Release|Any CPU
		{FD4EBF77-A25A-8B6B-4852-32E976FF1089}.Debug|Any CPU.ActiveCfg = Debug|Any CPU
		{FD4EBF77-A25A-8B6B-4852-32E976FF1089}.Debug|Any CPU.Build.0 = Debug|Any CPU
		{FD4EBF77-A25A-8B6B-4852-32E976FF1089}.Release|Any CPU.ActiveCfg = Release|Any CPU
		{FD4EBF77-A25A-8B6B-4852-32E976FF1089}.Release|Any CPU.Build.0 = Release|Any CPU
		{87E5E115-AE6F-EE55-FF68-5C109BDB31DF}.Debug|Any CPU.ActiveCfg = Debug|Any CPU
		{87E5E115-AE6F-EE55-FF68-5C109BDB31DF}.Debug|Any CPU.Build.0 = Debug|Any CPU
		{87E5E115-AE6F-EE55-FF68-5C109BDB31DF}.Release|Any CPU.ActiveCfg = Release|Any CPU
		{87E5E115-AE6F-EE55-FF68-5C109BDB31DF}.Release|Any CPU.Build.0 = Release|Any CPU
		{D34A7779-F4C0-F7C4-6668-58C76B125202}.Debug|Any CPU.ActiveCfg = Debug|Any CPU
		{D34A7779-F4C0-F7C4-6668-58C76B125202}.Debug|Any CPU.Build.0 = Debug|Any CPU
		{D34A7779-F4C0-F7C4-6668-58C76B125202}.Release|Any CPU.ActiveCfg = Release|Any CPU
		{D34A7779-F4C0-F7C4-6668-58C76B125202}.Release|Any CPU.Build.0 = Release|Any CPU
		{CF9E975A-5382-B54C-8F59-CBF0C4567711}.Debug|Any CPU.ActiveCfg = Debug|Any CPU
		{CF9E975A-5382-B54C-8F59-CBF0C4567711}.Debug|Any CPU.Build.0 = Debug|Any CPU
		{CF9E975A-5382-B54C-8F59-CBF0C4567711}.Release|Any CPU.ActiveCfg = Release|Any CPU
		{CF9E975A-5382-B54C-8F59-CBF0C4567711}.Release|Any CPU.Build.0 = Release|Any CPU
		{11C5AC26-30B4-56EB-A312-0639A64CB113}.Debug|Any CPU.ActiveCfg = Debug|Any CPU
		{11C5AC26-30B4-56EB-A312-0639A64CB113}.Debug|Any CPU.Build.0 = Debug|Any CPU
		{11C5AC26-30B4-56EB-A312-0639A64CB113}.Release|Any CPU.ActiveCfg = Release|Any CPU
		{11C5AC26-30B4-56EB-A312-0639A64CB113}.Release|Any CPU.Build.0 = Release|Any CPU
		{DD56B309-DBCB-DAE5-6F97-2DD5B0CE5E4A}.Debug|Any CPU.ActiveCfg = Debug|Any CPU
		{DD56B309-DBCB-DAE5-6F97-2DD5B0CE5E4A}.Debug|Any CPU.Build.0 = Debug|Any CPU
		{DD56B309-DBCB-DAE5-6F97-2DD5B0CE5E4A}.Release|Any CPU.ActiveCfg = Release|Any CPU
		{DD56B309-DBCB-DAE5-6F97-2DD5B0CE5E4A}.Release|Any CPU.Build.0 = Release|Any CPU
		{382E0EA2-6DC8-F15E-2658-303D3B13A3D7}.Debug|Any CPU.ActiveCfg = Debug|Any CPU
		{382E0EA2-6DC8-F15E-2658-303D3B13A3D7}.Debug|Any CPU.Build.0 = Debug|Any CPU
		{382E0EA2-6DC8-F15E-2658-303D3B13A3D7}.Release|Any CPU.ActiveCfg = Release|Any CPU
		{382E0EA2-6DC8-F15E-2658-303D3B13A3D7}.Release|Any CPU.Build.0 = Release|Any CPU
		{B186400E-D8F1-90E1-199C-7C1CF41F951D}.Debug|Any CPU.ActiveCfg = Debug|Any CPU
		{B186400E-D8F1-90E1-199C-7C1CF41F951D}.Debug|Any CPU.Build.0 = Debug|Any CPU
		{B186400E-D8F1-90E1-199C-7C1CF41F951D}.Release|Any CPU.ActiveCfg = Release|Any CPU
		{B186400E-D8F1-90E1-199C-7C1CF41F951D}.Release|Any CPU.Build.0 = Release|Any CPU
		{7CD04BE7-BE9B-E843-D8B5-DE2AF46E593C}.Debug|Any CPU.ActiveCfg = Debug|Any CPU
		{7CD04BE7-BE9B-E843-D8B5-DE2AF46E593C}.Debug|Any CPU.Build.0 = Debug|Any CPU
		{7CD04BE7-BE9B-E843-D8B5-DE2AF46E593C}.Release|Any CPU.ActiveCfg = Release|Any CPU
		{7CD04BE7-BE9B-E843-D8B5-DE2AF46E593C}.Release|Any CPU.Build.0 = Release|Any CPU
		{31A8A28A-C955-55CA-F23B-B7CD439FBE8B}.Debug|Any CPU.ActiveCfg = Debug|Any CPU
		{31A8A28A-C955-55CA-F23B-B7CD439FBE8B}.Debug|Any CPU.Build.0 = Debug|Any CPU
		{31A8A28A-C955-55CA-F23B-B7CD439FBE8B}.Release|Any CPU.ActiveCfg = Release|Any CPU
		{31A8A28A-C955-55CA-F23B-B7CD439FBE8B}.Release|Any CPU.Build.0 = Release|Any CPU
		{41A2F9ED-19CE-0E67-9657-69840DB6238D}.Debug|Any CPU.ActiveCfg = Debug|Any CPU
		{41A2F9ED-19CE-0E67-9657-69840DB6238D}.Debug|Any CPU.Build.0 = Debug|Any CPU
		{41A2F9ED-19CE-0E67-9657-69840DB6238D}.Release|Any CPU.ActiveCfg = Release|Any CPU
		{41A2F9ED-19CE-0E67-9657-69840DB6238D}.Release|Any CPU.Build.0 = Release|Any CPU
		{14BACD52-5C59-0100-7BDE-791A3D5B9C96}.Debug|Any CPU.ActiveCfg = Debug|Any CPU
		{14BACD52-5C59-0100-7BDE-791A3D5B9C96}.Debug|Any CPU.Build.0 = Debug|Any CPU
		{14BACD52-5C59-0100-7BDE-791A3D5B9C96}.Release|Any CPU.ActiveCfg = Release|Any CPU
		{14BACD52-5C59-0100-7BDE-791A3D5B9C96}.Release|Any CPU.Build.0 = Release|Any CPU
		{073AF664-1E42-C5B3-29C3-7F5F48B12350}.Debug|Any CPU.ActiveCfg = Debug|Any CPU
		{073AF664-1E42-C5B3-29C3-7F5F48B12350}.Debug|Any CPU.Build.0 = Debug|Any CPU
		{073AF664-1E42-C5B3-29C3-7F5F48B12350}.Release|Any CPU.ActiveCfg = Release|Any CPU
		{073AF664-1E42-C5B3-29C3-7F5F48B12350}.Release|Any CPU.Build.0 = Release|Any CPU
		{016DC1A9-0A2E-B482-2552-CAEA3615F7AA}.Debug|Any CPU.ActiveCfg = Debug|Any CPU
		{016DC1A9-0A2E-B482-2552-CAEA3615F7AA}.Debug|Any CPU.Build.0 = Debug|Any CPU
		{016DC1A9-0A2E-B482-2552-CAEA3615F7AA}.Release|Any CPU.ActiveCfg = Release|Any CPU
		{016DC1A9-0A2E-B482-2552-CAEA3615F7AA}.Release|Any CPU.Build.0 = Release|Any CPU
		{D8F22DFA-670E-F3C8-ED25-33ECEA1FDCC7}.Debug|Any CPU.ActiveCfg = Debug|Any CPU
		{D8F22DFA-670E-F3C8-ED25-33ECEA1FDCC7}.Debug|Any CPU.Build.0 = Debug|Any CPU
		{D8F22DFA-670E-F3C8-ED25-33ECEA1FDCC7}.Release|Any CPU.ActiveCfg = Release|Any CPU
		{D8F22DFA-670E-F3C8-ED25-33ECEA1FDCC7}.Release|Any CPU.Build.0 = Release|Any CPU
		{9FAA16C8-5FDD-1BA2-4E80-033F0720769F}.Debug|Any CPU.ActiveCfg = Debug|Any CPU
		{9FAA16C8-5FDD-1BA2-4E80-033F0720769F}.Debug|Any CPU.Build.0 = Debug|Any CPU
		{9FAA16C8-5FDD-1BA2-4E80-033F0720769F}.Release|Any CPU.ActiveCfg = Release|Any CPU
		{9FAA16C8-5FDD-1BA2-4E80-033F0720769F}.Release|Any CPU.Build.0 = Release|Any CPU
		{071979B7-D8B6-675F-DD1D-C21E06B8BEA3}.Debug|Any CPU.ActiveCfg = Debug|Any CPU
		{071979B7-D8B6-675F-DD1D-C21E06B8BEA3}.Debug|Any CPU.Build.0 = Debug|Any CPU
		{071979B7-D8B6-675F-DD1D-C21E06B8BEA3}.Release|Any CPU.ActiveCfg = Release|Any CPU
		{071979B7-D8B6-675F-DD1D-C21E06B8BEA3}.Release|Any CPU.Build.0 = Release|Any CPU
		{D36BD74E-FE15-4226-E054-AFB4500F6308}.Debug|Any CPU.ActiveCfg = Debug|Any CPU
		{D36BD74E-FE15-4226-E054-AFB4500F6308}.Debug|Any CPU.Build.0 = Debug|Any CPU
		{D36BD74E-FE15-4226-E054-AFB4500F6308}.Release|Any CPU.ActiveCfg = Release|Any CPU
		{D36BD74E-FE15-4226-E054-AFB4500F6308}.Release|Any CPU.Build.0 = Release|Any CPU
		{89F0D9B3-361C-5BFC-F330-C9F7C4DC50A0}.Debug|Any CPU.ActiveCfg = Debug|Any CPU
		{89F0D9B3-361C-5BFC-F330-C9F7C4DC50A0}.Debug|Any CPU.Build.0 = Debug|Any CPU
		{89F0D9B3-361C-5BFC-F330-C9F7C4DC50A0}.Release|Any CPU.ActiveCfg = Release|Any CPU
		{89F0D9B3-361C-5BFC-F330-C9F7C4DC50A0}.Release|Any CPU.Build.0 = Release|Any CPU
		{30A0FA5B-CDD1-8502-7557-C10569CDE19A}.Debug|Any CPU.ActiveCfg = Debug|Any CPU
		{30A0FA5B-CDD1-8502-7557-C10569CDE19A}.Debug|Any CPU.Build.0 = Debug|Any CPU
		{30A0FA5B-CDD1-8502-7557-C10569CDE19A}.Release|Any CPU.ActiveCfg = Release|Any CPU
		{30A0FA5B-CDD1-8502-7557-C10569CDE19A}.Release|Any CPU.Build.0 = Release|Any CPU
		{91E663E5-74C5-C835-BCFF-2FC36D52329A}.Debug|Any CPU.ActiveCfg = Debug|Any CPU
		{91E663E5-74C5-C835-BCFF-2FC36D52329A}.Debug|Any CPU.Build.0 = Debug|Any CPU
		{91E663E5-74C5-C835-BCFF-2FC36D52329A}.Release|Any CPU.ActiveCfg = Release|Any CPU
		{91E663E5-74C5-C835-BCFF-2FC36D52329A}.Release|Any CPU.Build.0 = Release|Any CPU
		{AF00B1F1-7FE5-5B56-30F6-B324B4CC9AAD}.Debug|Any CPU.ActiveCfg = Debug|Any CPU
		{AF00B1F1-7FE5-5B56-30F6-B324B4CC9AAD}.Debug|Any CPU.Build.0 = Debug|Any CPU
		{AF00B1F1-7FE5-5B56-30F6-B324B4CC9AAD}.Release|Any CPU.ActiveCfg = Release|Any CPU
		{AF00B1F1-7FE5-5B56-30F6-B324B4CC9AAD}.Release|Any CPU.Build.0 = Release|Any CPU
		{C903C9A6-200D-CB84-EEE6-CDA98BFB162B}.Debug|Any CPU.ActiveCfg = Debug|Any CPU
		{C903C9A6-200D-CB84-EEE6-CDA98BFB162B}.Debug|Any CPU.Build.0 = Debug|Any CPU
		{C903C9A6-200D-CB84-EEE6-CDA98BFB162B}.Release|Any CPU.ActiveCfg = Release|Any CPU
		{C903C9A6-200D-CB84-EEE6-CDA98BFB162B}.Release|Any CPU.Build.0 = Release|Any CPU
		{DCCC961D-F910-8DC7-CC85-647376489E44}.Debug|Any CPU.ActiveCfg = Debug|Any CPU
		{DCCC961D-F910-8DC7-CC85-647376489E44}.Debug|Any CPU.Build.0 = Debug|Any CPU
		{DCCC961D-F910-8DC7-CC85-647376489E44}.Release|Any CPU.ActiveCfg = Release|Any CPU
		{DCCC961D-F910-8DC7-CC85-647376489E44}.Release|Any CPU.Build.0 = Release|Any CPU
		{6AB23D62-B6A0-9EFE-43B8-B2E6EB7183A3}.Debug|Any CPU.ActiveCfg = Debug|Any CPU
		{6AB23D62-B6A0-9EFE-43B8-B2E6EB7183A3}.Debug|Any CPU.Build.0 = Debug|Any CPU
		{6AB23D62-B6A0-9EFE-43B8-B2E6EB7183A3}.Release|Any CPU.ActiveCfg = Release|Any CPU
		{6AB23D62-B6A0-9EFE-43B8-B2E6EB7183A3}.Release|Any CPU.Build.0 = Release|Any CPU
		{A8D63790-CEC4-D87A-8F2B-27C074027291}.Debug|Any CPU.ActiveCfg = Debug|Any CPU
		{A8D63790-CEC4-D87A-8F2B-27C074027291}.Debug|Any CPU.Build.0 = Debug|Any CPU
		{A8D63790-CEC4-D87A-8F2B-27C074027291}.Release|Any CPU.ActiveCfg = Release|Any CPU
		{A8D63790-CEC4-D87A-8F2B-27C074027291}.Release|Any CPU.Build.0 = Release|Any CPU
		{579DC476-4631-173D-3524-46017B2D5431}.Debug|Any CPU.ActiveCfg = Debug|Any CPU
		{579DC476-4631-173D-3524-46017B2D5431}.Debug|Any CPU.Build.0 = Debug|Any CPU
		{579DC476-4631-173D-3524-46017B2D5431}.Release|Any CPU.ActiveCfg = Release|Any CPU
		{579DC476-4631-173D-3524-46017B2D5431}.Release|Any CPU.Build.0 = Release|Any CPU
		{F07B0390-268F-53C3-5DE8-173C08B27118}.Debug|Any CPU.ActiveCfg = Debug|Any CPU
		{F07B0390-268F-53C3-5DE8-173C08B27118}.Debug|Any CPU.Build.0 = Debug|Any CPU
		{F07B0390-268F-53C3-5DE8-173C08B27118}.Release|Any CPU.ActiveCfg = Release|Any CPU
		{F07B0390-268F-53C3-5DE8-173C08B27118}.Release|Any CPU.Build.0 = Release|Any CPU
		{63C88D27-7E0B-A5B2-ED6D-505FEF3D3346}.Debug|Any CPU.ActiveCfg = Debug|Any CPU
		{63C88D27-7E0B-A5B2-ED6D-505FEF3D3346}.Debug|Any CPU.Build.0 = Debug|Any CPU
		{63C88D27-7E0B-A5B2-ED6D-505FEF3D3346}.Release|Any CPU.ActiveCfg = Release|Any CPU
		{63C88D27-7E0B-A5B2-ED6D-505FEF3D3346}.Release|Any CPU.Build.0 = Release|Any CPU
		{6834C079-A24D-FBBF-4EBF-CB202EF6D353}.Debug|Any CPU.ActiveCfg = Debug|Any CPU
		{6834C079-A24D-FBBF-4EBF-CB202EF6D353}.Debug|Any CPU.Build.0 = Debug|Any CPU
		{6834C079-A24D-FBBF-4EBF-CB202EF6D353}.Release|Any CPU.ActiveCfg = Release|Any CPU
		{6834C079-A24D-FBBF-4EBF-CB202EF6D353}.Release|Any CPU.Build.0 = Release|Any CPU
		{1F4E0767-83F9-86CC-4D4B-51E70EA1ADEE}.Debug|Any CPU.ActiveCfg = Debug|Any CPU
		{1F4E0767-83F9-86CC-4D4B-51E70EA1ADEE}.Debug|Any CPU.Build.0 = Debug|Any CPU
		{1F4E0767-83F9-86CC-4D4B-51E70EA1ADEE}.Release|Any CPU.ActiveCfg = Release|Any CPU
		{1F4E0767-83F9-86CC-4D4B-51E70EA1ADEE}.Release|Any CPU.Build.0 = Release|Any CPU
		{8C046274-5271-1154-4FE0-18BD6248A8CD}.Debug|Any CPU.ActiveCfg = Debug|Any CPU
		{8C046274-5271-1154-4FE0-18BD6248A8CD}.Debug|Any CPU.Build.0 = Debug|Any CPU
		{8C046274-5271-1154-4FE0-18BD6248A8CD}.Release|Any CPU.ActiveCfg = Release|Any CPU
		{8C046274-5271-1154-4FE0-18BD6248A8CD}.Release|Any CPU.Build.0 = Release|Any CPU
		{C32E8E7E-F630-2110-262F-11A4D349242C}.Debug|Any CPU.ActiveCfg = Debug|Any CPU
		{C32E8E7E-F630-2110-262F-11A4D349242C}.Debug|Any CPU.Build.0 = Debug|Any CPU
		{C32E8E7E-F630-2110-262F-11A4D349242C}.Release|Any CPU.ActiveCfg = Release|Any CPU
		{C32E8E7E-F630-2110-262F-11A4D349242C}.Release|Any CPU.Build.0 = Release|Any CPU
		{B4DDAD98-EA7E-CDD9-35FC-F0D546A58B43}.Debug|Any CPU.ActiveCfg = Debug|Any CPU
		{B4DDAD98-EA7E-CDD9-35FC-F0D546A58B43}.Debug|Any CPU.Build.0 = Debug|Any CPU
		{B4DDAD98-EA7E-CDD9-35FC-F0D546A58B43}.Release|Any CPU.ActiveCfg = Release|Any CPU
		{B4DDAD98-EA7E-CDD9-35FC-F0D546A58B43}.Release|Any CPU.Build.0 = Release|Any CPU
		{C4AFE513-DDA5-E01E-71FC-0E5CED6911D2}.Debug|Any CPU.ActiveCfg = Debug|Any CPU
		{C4AFE513-DDA5-E01E-71FC-0E5CED6911D2}.Debug|Any CPU.Build.0 = Debug|Any CPU
		{C4AFE513-DDA5-E01E-71FC-0E5CED6911D2}.Release|Any CPU.ActiveCfg = Release|Any CPU
		{C4AFE513-DDA5-E01E-71FC-0E5CED6911D2}.Release|Any CPU.Build.0 = Release|Any CPU
		{9DA6D0D3-D6D0-BBCA-91C5-3F1DD698ECF5}.Debug|Any CPU.ActiveCfg = Debug|Any CPU
		{9DA6D0D3-D6D0-BBCA-91C5-3F1DD698ECF5}.Debug|Any CPU.Build.0 = Debug|Any CPU
		{9DA6D0D3-D6D0-BBCA-91C5-3F1DD698ECF5}.Release|Any CPU.ActiveCfg = Release|Any CPU
		{9DA6D0D3-D6D0-BBCA-91C5-3F1DD698ECF5}.Release|Any CPU.Build.0 = Release|Any CPU
		{E472065F-B359-AA8A-557E-0B496498F65C}.Debug|Any CPU.ActiveCfg = Debug|Any CPU
		{E472065F-B359-AA8A-557E-0B496498F65C}.Debug|Any CPU.Build.0 = Debug|Any CPU
		{E472065F-B359-AA8A-557E-0B496498F65C}.Release|Any CPU.ActiveCfg = Release|Any CPU
		{E472065F-B359-AA8A-557E-0B496498F65C}.Release|Any CPU.Build.0 = Release|Any CPU
		{CA03F691-A8FA-80B3-AF24-57AB2CEE0CAC}.Debug|Any CPU.ActiveCfg = Debug|Any CPU
		{CA03F691-A8FA-80B3-AF24-57AB2CEE0CAC}.Debug|Any CPU.Build.0 = Debug|Any CPU
		{CA03F691-A8FA-80B3-AF24-57AB2CEE0CAC}.Release|Any CPU.ActiveCfg = Release|Any CPU
		{CA03F691-A8FA-80B3-AF24-57AB2CEE0CAC}.Release|Any CPU.Build.0 = Release|Any CPU
		{9F8D1C00-CF6C-F90C-844E-9FB97D56E5BC}.Debug|Any CPU.ActiveCfg = Debug|Any CPU
		{9F8D1C00-CF6C-F90C-844E-9FB97D56E5BC}.Debug|Any CPU.Build.0 = Debug|Any CPU
		{9F8D1C00-CF6C-F90C-844E-9FB97D56E5BC}.Release|Any CPU.ActiveCfg = Release|Any CPU
		{9F8D1C00-CF6C-F90C-844E-9FB97D56E5BC}.Release|Any CPU.Build.0 = Release|Any CPU
		{5A6A32E2-171C-EBBB-59A3-D87031A5B92D}.Debug|Any CPU.ActiveCfg = Debug|Any CPU
		{5A6A32E2-171C-EBBB-59A3-D87031A5B92D}.Debug|Any CPU.Build.0 = Debug|Any CPU
		{5A6A32E2-171C-EBBB-59A3-D87031A5B92D}.Release|Any CPU.ActiveCfg = Release|Any CPU
		{5A6A32E2-171C-EBBB-59A3-D87031A5B92D}.Release|Any CPU.Build.0 = Release|Any CPU
		{5A5BD050-EAC4-73D1-8C3B-64C7A1FAE9A9}.Debug|Any CPU.ActiveCfg = Debug|Any CPU
		{5A5BD050-EAC4-73D1-8C3B-64C7A1FAE9A9}.Debug|Any CPU.Build.0 = Debug|Any CPU
		{5A5BD050-EAC4-73D1-8C3B-64C7A1FAE9A9}.Release|Any CPU.ActiveCfg = Release|Any CPU
		{5A5BD050-EAC4-73D1-8C3B-64C7A1FAE9A9}.Release|Any CPU.Build.0 = Release|Any CPU
		{31EA003C-1CF9-D946-A919-8AC5ED6BE76A}.Debug|Any CPU.ActiveCfg = Debug|Any CPU
		{31EA003C-1CF9-D946-A919-8AC5ED6BE76A}.Debug|Any CPU.Build.0 = Debug|Any CPU
		{31EA003C-1CF9-D946-A919-8AC5ED6BE76A}.Release|Any CPU.ActiveCfg = Release|Any CPU
		{31EA003C-1CF9-D946-A919-8AC5ED6BE76A}.Release|Any CPU.Build.0 = Release|Any CPU
		{F851555A-F54A-ACA3-F89A-A3A188A7A2B6}.Debug|Any CPU.ActiveCfg = Debug|Any CPU
		{F851555A-F54A-ACA3-F89A-A3A188A7A2B6}.Debug|Any CPU.Build.0 = Debug|Any CPU
		{F851555A-F54A-ACA3-F89A-A3A188A7A2B6}.Release|Any CPU.ActiveCfg = Release|Any CPU
		{F851555A-F54A-ACA3-F89A-A3A188A7A2B6}.Release|Any CPU.Build.0 = Release|Any CPU
		{3A55C36E-9782-CDDB-411D-886E36D5B2F7}.Debug|Any CPU.ActiveCfg = Debug|Any CPU
		{3A55C36E-9782-CDDB-411D-886E36D5B2F7}.Debug|Any CPU.Build.0 = Debug|Any CPU
		{3A55C36E-9782-CDDB-411D-886E36D5B2F7}.Release|Any CPU.ActiveCfg = Release|Any CPU
		{3A55C36E-9782-CDDB-411D-886E36D5B2F7}.Release|Any CPU.Build.0 = Release|Any CPU
		{8BF30740-3660-C79D-4FD7-7983FAD0B90B}.Debug|Any CPU.ActiveCfg = Debug|Any CPU
		{8BF30740-3660-C79D-4FD7-7983FAD0B90B}.Debug|Any CPU.Build.0 = Debug|Any CPU
		{8BF30740-3660-C79D-4FD7-7983FAD0B90B}.Release|Any CPU.ActiveCfg = Release|Any CPU
		{8BF30740-3660-C79D-4FD7-7983FAD0B90B}.Release|Any CPU.Build.0 = Release|Any CPU
		{74DD8708-E022-E48F-4996-F95FDD0E23E2}.Debug|Any CPU.ActiveCfg = Debug|Any CPU
		{74DD8708-E022-E48F-4996-F95FDD0E23E2}.Debug|Any CPU.Build.0 = Debug|Any CPU
		{74DD8708-E022-E48F-4996-F95FDD0E23E2}.Release|Any CPU.ActiveCfg = Release|Any CPU
		{74DD8708-E022-E48F-4996-F95FDD0E23E2}.Release|Any CPU.Build.0 = Release|Any CPU
		{32EFF04A-288C-591C-B29C-3D518CAA4125}.Debug|Any CPU.ActiveCfg = Debug|Any CPU
		{32EFF04A-288C-591C-B29C-3D518CAA4125}.Debug|Any CPU.Build.0 = Debug|Any CPU
		{32EFF04A-288C-591C-B29C-3D518CAA4125}.Release|Any CPU.ActiveCfg = Release|Any CPU
		{32EFF04A-288C-591C-B29C-3D518CAA4125}.Release|Any CPU.Build.0 = Release|Any CPU
		{8C911655-B9E4-B9B3-49A8-69E850358032}.Debug|Any CPU.ActiveCfg = Debug|Any CPU
		{8C911655-B9E4-B9B3-49A8-69E850358032}.Debug|Any CPU.Build.0 = Debug|Any CPU
		{8C911655-B9E4-B9B3-49A8-69E850358032}.Release|Any CPU.ActiveCfg = Release|Any CPU
		{8C911655-B9E4-B9B3-49A8-69E850358032}.Release|Any CPU.Build.0 = Release|Any CPU
		{96B545D4-0B81-E8DE-2E41-58B1E2980554}.Debug|Any CPU.ActiveCfg = Debug|Any CPU
		{96B545D4-0B81-E8DE-2E41-58B1E2980554}.Debug|Any CPU.Build.0 = Debug|Any CPU
		{96B545D4-0B81-E8DE-2E41-58B1E2980554}.Release|Any CPU.ActiveCfg = Release|Any CPU
		{96B545D4-0B81-E8DE-2E41-58B1E2980554}.Release|Any CPU.Build.0 = Release|Any CPU
		{8E2E088F-0203-6B3E-1706-7C1928BC5CE9}.Debug|Any CPU.ActiveCfg = Debug|Any CPU
		{8E2E088F-0203-6B3E-1706-7C1928BC5CE9}.Debug|Any CPU.Build.0 = Debug|Any CPU
		{8E2E088F-0203-6B3E-1706-7C1928BC5CE9}.Release|Any CPU.ActiveCfg = Release|Any CPU
		{8E2E088F-0203-6B3E-1706-7C1928BC5CE9}.Release|Any CPU.Build.0 = Release|Any CPU
		{136A99DA-AD59-89FB-6C3D-D90BD1823E78}.Debug|Any CPU.ActiveCfg = Debug|Any CPU
		{136A99DA-AD59-89FB-6C3D-D90BD1823E78}.Debug|Any CPU.Build.0 = Debug|Any CPU
		{136A99DA-AD59-89FB-6C3D-D90BD1823E78}.Release|Any CPU.ActiveCfg = Release|Any CPU
		{136A99DA-AD59-89FB-6C3D-D90BD1823E78}.Release|Any CPU.Build.0 = Release|Any CPU
		{DA4C90C1-CDAB-39A8-4C9B-F874EE7B7794}.Debug|Any CPU.ActiveCfg = Debug|Any CPU
		{DA4C90C1-CDAB-39A8-4C9B-F874EE7B7794}.Debug|Any CPU.Build.0 = Debug|Any CPU
		{DA4C90C1-CDAB-39A8-4C9B-F874EE7B7794}.Release|Any CPU.ActiveCfg = Release|Any CPU
		{DA4C90C1-CDAB-39A8-4C9B-F874EE7B7794}.Release|Any CPU.Build.0 = Release|Any CPU
		{02228F70-CC74-E676-F576-6D2E55A0B70A}.Debug|Any CPU.ActiveCfg = Debug|Any CPU
		{02228F70-CC74-E676-F576-6D2E55A0B70A}.Debug|Any CPU.Build.0 = Debug|Any CPU
		{02228F70-CC74-E676-F576-6D2E55A0B70A}.Release|Any CPU.ActiveCfg = Release|Any CPU
		{02228F70-CC74-E676-F576-6D2E55A0B70A}.Release|Any CPU.Build.0 = Release|Any CPU
		{08969EDA-5C34-F04C-AF73-6C5B6DD162B6}.Debug|Any CPU.ActiveCfg = Debug|Any CPU
		{08969EDA-5C34-F04C-AF73-6C5B6DD162B6}.Debug|Any CPU.Build.0 = Debug|Any CPU
		{08969EDA-5C34-F04C-AF73-6C5B6DD162B6}.Release|Any CPU.ActiveCfg = Release|Any CPU
		{08969EDA-5C34-F04C-AF73-6C5B6DD162B6}.Release|Any CPU.Build.0 = Release|Any CPU
		{DC4687EB-F22D-303B-6C77-05F1000399D0}.Debug|Any CPU.ActiveCfg = Debug|Any CPU
		{DC4687EB-F22D-303B-6C77-05F1000399D0}.Debug|Any CPU.Build.0 = Debug|Any CPU
		{DC4687EB-F22D-303B-6C77-05F1000399D0}.Release|Any CPU.ActiveCfg = Release|Any CPU
		{DC4687EB-F22D-303B-6C77-05F1000399D0}.Release|Any CPU.Build.0 = Release|Any CPU
		{5FDE3645-D79F-FF6B-BDA2-848005E872F6}.Debug|Any CPU.ActiveCfg = Debug|Any CPU
		{5FDE3645-D79F-FF6B-BDA2-848005E872F6}.Debug|Any CPU.Build.0 = Debug|Any CPU
		{5FDE3645-D79F-FF6B-BDA2-848005E872F6}.Release|Any CPU.ActiveCfg = Release|Any CPU
		{5FDE3645-D79F-FF6B-BDA2-848005E872F6}.Release|Any CPU.Build.0 = Release|Any CPU
		{B92839F5-2ED6-F743-EF34-1674E0D46C3B}.Debug|Any CPU.ActiveCfg = Debug|Any CPU
		{B92839F5-2ED6-F743-EF34-1674E0D46C3B}.Debug|Any CPU.Build.0 = Debug|Any CPU
		{B92839F5-2ED6-F743-EF34-1674E0D46C3B}.Release|Any CPU.ActiveCfg = Release|Any CPU
		{B92839F5-2ED6-F743-EF34-1674E0D46C3B}.Release|Any CPU.Build.0 = Release|Any CPU
		{D9C00191-2DE2-9303-C1D0-55F79F3D111B}.Debug|Any CPU.ActiveCfg = Debug|Any CPU
		{D9C00191-2DE2-9303-C1D0-55F79F3D111B}.Debug|Any CPU.Build.0 = Debug|Any CPU
		{D9C00191-2DE2-9303-C1D0-55F79F3D111B}.Release|Any CPU.ActiveCfg = Release|Any CPU
		{D9C00191-2DE2-9303-C1D0-55F79F3D111B}.Release|Any CPU.Build.0 = Release|Any CPU
		{E2D5FB67-968D-5F77-590C-9F47A832C12D}.Debug|Any CPU.ActiveCfg = Debug|Any CPU
		{E2D5FB67-968D-5F77-590C-9F47A832C12D}.Debug|Any CPU.Build.0 = Debug|Any CPU
		{E2D5FB67-968D-5F77-590C-9F47A832C12D}.Release|Any CPU.ActiveCfg = Release|Any CPU
		{E2D5FB67-968D-5F77-590C-9F47A832C12D}.Release|Any CPU.Build.0 = Release|Any CPU
		{ACC7251A-1D32-416F-1E74-32A186B95456}.Debug|Any CPU.ActiveCfg = Debug|Any CPU
		{ACC7251A-1D32-416F-1E74-32A186B95456}.Debug|Any CPU.Build.0 = Debug|Any CPU
		{ACC7251A-1D32-416F-1E74-32A186B95456}.Release|Any CPU.ActiveCfg = Release|Any CPU
		{ACC7251A-1D32-416F-1E74-32A186B95456}.Release|Any CPU.Build.0 = Release|Any CPU
		{0499AB4D-CE02-8A75-0924-990864CE5277}.Debug|Any CPU.ActiveCfg = Debug|Any CPU
		{0499AB4D-CE02-8A75-0924-990864CE5277}.Debug|Any CPU.Build.0 = Debug|Any CPU
		{0499AB4D-CE02-8A75-0924-990864CE5277}.Release|Any CPU.ActiveCfg = Release|Any CPU
		{0499AB4D-CE02-8A75-0924-990864CE5277}.Release|Any CPU.Build.0 = Release|Any CPU
	EndGlobalSection
	GlobalSection(SolutionProperties) = preSolution
		HideSolutionNode = FALSE
	EndGlobalSection
EndGlobal
